// !$*UTF8*$!
{
	archiveVersion = 1;
	classes = {
	};
	objectVersion = 46;
	objects = {

/* Begin PBXBuildFile section */
		882B25271F3A8F2F00D808B4 /* TabBarViewController.swift in Sources */ = {isa = PBXBuildFile; fileRef = 882B25261F3A8F2F00D808B4 /* TabBarViewController.swift */; };
		882B25291F3FF37800D808B4 /* LocationService.swift in Sources */ = {isa = PBXBuildFile; fileRef = 882B25281F3FF37800D808B4 /* LocationService.swift */; };
		884D08671F1DADA00062DCA4 /* Config.swift in Sources */ = {isa = PBXBuildFile; fileRef = 884D08661F1DADA00062DCA4 /* Config.swift */; };
		884D08691F2024320062DCA4 /* NetworkClient.swift in Sources */ = {isa = PBXBuildFile; fileRef = 884D08681F2024320062DCA4 /* NetworkClient.swift */; };
		887653DD1F3A7DCD00504574 /* Locations.swift in Sources */ = {isa = PBXBuildFile; fileRef = 887653DC1F3A7DCD00504574 /* Locations.swift */; };
		887653DF1F3A7E8300504574 /* LocationsViewController.swift in Sources */ = {isa = PBXBuildFile; fileRef = 887653DE1F3A7E8300504574 /* LocationsViewController.swift */; };
		88BD2DEB1F19AB5000AD8810 /* AppDelegate.swift in Sources */ = {isa = PBXBuildFile; fileRef = 88BD2DEA1F19AB5000AD8810 /* AppDelegate.swift */; };
		88BD2DED1F19AB5000AD8810 /* MapViewController.swift in Sources */ = {isa = PBXBuildFile; fileRef = 88BD2DEC1F19AB5000AD8810 /* MapViewController.swift */; };
		88BD2DF01F19AB5000AD8810 /* Main.storyboard in Resources */ = {isa = PBXBuildFile; fileRef = 88BD2DEE1F19AB5000AD8810 /* Main.storyboard */; };
		88BD2DF21F19AB5000AD8810 /* Assets.xcassets in Resources */ = {isa = PBXBuildFile; fileRef = 88BD2DF11F19AB5000AD8810 /* Assets.xcassets */; };
		88BD2DF51F19AB5000AD8810 /* LaunchScreen.storyboard in Resources */ = {isa = PBXBuildFile; fileRef = 88BD2DF31F19AB5000AD8810 /* LaunchScreen.storyboard */; };
		88BD2DFE1F1D9D5900AD8810 /* MapKit.framework in Frameworks */ = {isa = PBXBuildFile; fileRef = 88BD2DFD1F1D9D5900AD8810 /* MapKit.framework */; };
		88C811141F2835E2005EBFB2 /* LocationsTableViewCell.swift in Sources */ = {isa = PBXBuildFile; fileRef = 88C811121F2835E2005EBFB2 /* LocationsTableViewCell.swift */; };
		88F519011F52731E009D2E35 /* Styles.swift in Sources */ = {isa = PBXBuildFile; fileRef = 88F519001F52731E009D2E35 /* Styles.swift */; };
		88F519031F5359BC009D2E35 /* Util.swift in Sources */ = {isa = PBXBuildFile; fileRef = 88F519021F5359BC009D2E35 /* Util.swift */; };
/* End PBXBuildFile section */

/* Begin PBXFileReference section */
		882B25261F3A8F2F00D808B4 /* TabBarViewController.swift */ = {isa = PBXFileReference; lastKnownFileType = sourcecode.swift; path = TabBarViewController.swift; sourceTree = "<group>"; };
		882B25281F3FF37800D808B4 /* LocationService.swift */ = {isa = PBXFileReference; lastKnownFileType = sourcecode.swift; path = LocationService.swift; sourceTree = "<group>"; };
		884D08661F1DADA00062DCA4 /* Config.swift */ = {isa = PBXFileReference; fileEncoding = 4; lastKnownFileType = sourcecode.swift; path = Config.swift; sourceTree = "<group>"; };
		884D08681F2024320062DCA4 /* NetworkClient.swift */ = {isa = PBXFileReference; fileEncoding = 4; lastKnownFileType = sourcecode.swift; path = NetworkClient.swift; sourceTree = "<group>"; };
		887653DC1F3A7DCD00504574 /* Locations.swift */ = {isa = PBXFileReference; lastKnownFileType = sourcecode.swift; path = Locations.swift; sourceTree = "<group>"; };
		887653DE1F3A7E8300504574 /* LocationsViewController.swift */ = {isa = PBXFileReference; lastKnownFileType = sourcecode.swift; path = LocationsViewController.swift; sourceTree = "<group>"; };
		88BD2DE71F19AB5000AD8810 /* RunningApp.app */ = {isa = PBXFileReference; explicitFileType = wrapper.application; includeInIndex = 0; path = RunningApp.app; sourceTree = BUILT_PRODUCTS_DIR; };
		88BD2DEA1F19AB5000AD8810 /* AppDelegate.swift */ = {isa = PBXFileReference; lastKnownFileType = sourcecode.swift; path = AppDelegate.swift; sourceTree = "<group>"; };
		88BD2DEC1F19AB5000AD8810 /* MapViewController.swift */ = {isa = PBXFileReference; lastKnownFileType = sourcecode.swift; path = MapViewController.swift; sourceTree = "<group>"; };
		88BD2DEF1F19AB5000AD8810 /* Base */ = {isa = PBXFileReference; lastKnownFileType = file.storyboard; name = Base; path = Base.lproj/Main.storyboard; sourceTree = "<group>"; };
		88BD2DF11F19AB5000AD8810 /* Assets.xcassets */ = {isa = PBXFileReference; lastKnownFileType = folder.assetcatalog; path = Assets.xcassets; sourceTree = "<group>"; };
		88BD2DF41F19AB5000AD8810 /* Base */ = {isa = PBXFileReference; lastKnownFileType = file.storyboard; name = Base; path = Base.lproj/LaunchScreen.storyboard; sourceTree = "<group>"; };
		88BD2DF61F19AB5000AD8810 /* Info.plist */ = {isa = PBXFileReference; lastKnownFileType = text.plist.xml; path = Info.plist; sourceTree = "<group>"; };
		88BD2DFD1F1D9D5900AD8810 /* MapKit.framework */ = {isa = PBXFileReference; lastKnownFileType = wrapper.framework; name = MapKit.framework; path = System/Library/Frameworks/MapKit.framework; sourceTree = SDKROOT; };
		88C811121F2835E2005EBFB2 /* LocationsTableViewCell.swift */ = {isa = PBXFileReference; fileEncoding = 4; lastKnownFileType = sourcecode.swift; path = LocationsTableViewCell.swift; sourceTree = "<group>"; };
		88F519001F52731E009D2E35 /* Styles.swift */ = {isa = PBXFileReference; lastKnownFileType = sourcecode.swift; path = Styles.swift; sourceTree = "<group>"; };
		88F519021F5359BC009D2E35 /* Util.swift */ = {isa = PBXFileReference; lastKnownFileType = sourcecode.swift; path = Util.swift; sourceTree = "<group>"; };
/* End PBXFileReference section */

/* Begin PBXFrameworksBuildPhase section */
		88BD2DE41F19AB5000AD8810 /* Frameworks */ = {
			isa = PBXFrameworksBuildPhase;
			buildActionMask = 2147483647;
			files = (
				88BD2DFE1F1D9D5900AD8810 /* MapKit.framework in Frameworks */,
			);
			runOnlyForDeploymentPostprocessing = 0;
		};
/* End PBXFrameworksBuildPhase section */

/* Begin PBXGroup section */
		88BD2DDE1F19AB5000AD8810 = {
			isa = PBXGroup;
			children = (
				88BD2DE91F19AB5000AD8810 /* RunningApp */,
				88BD2DE81F19AB5000AD8810 /* Products */,
				88BD2DFC1F1D9D5900AD8810 /* Frameworks */,
			);
			sourceTree = "<group>";
		};
		88BD2DE81F19AB5000AD8810 /* Products */ = {
			isa = PBXGroup;
			children = (
				88BD2DE71F19AB5000AD8810 /* RunningApp.app */,
			);
			name = Products;
			sourceTree = "<group>";
		};
		88BD2DE91F19AB5000AD8810 /* RunningApp */ = {
			isa = PBXGroup;
			children = (
				88BD2DEA1F19AB5000AD8810 /* AppDelegate.swift */,
				882B25261F3A8F2F00D808B4 /* TabBarViewController.swift */,
				88BD2DEC1F19AB5000AD8810 /* MapViewController.swift */,
				887653DE1F3A7E8300504574 /* LocationsViewController.swift */,
				88C811121F2835E2005EBFB2 /* LocationsTableViewCell.swift */,
				88BD2DEE1F19AB5000AD8810 /* Main.storyboard */,
				88BD2DF11F19AB5000AD8810 /* Assets.xcassets */,
				88BD2DF31F19AB5000AD8810 /* LaunchScreen.storyboard */,
				88BD2DF61F19AB5000AD8810 /* Info.plist */,
				882B25281F3FF37800D808B4 /* LocationService.swift */,
				887653DC1F3A7DCD00504574 /* Locations.swift */,
				884D08661F1DADA00062DCA4 /* Config.swift */,
				884D08681F2024320062DCA4 /* NetworkClient.swift */,
				88F519001F52731E009D2E35 /* Styles.swift */,
				88F519021F5359BC009D2E35 /* Util.swift */,
			);
			path = RunningApp;
			sourceTree = "<group>";
		};
		88BD2DFC1F1D9D5900AD8810 /* Frameworks */ = {
			isa = PBXGroup;
			children = (
				88BD2DFD1F1D9D5900AD8810 /* MapKit.framework */,
			);
			name = Frameworks;
			sourceTree = "<group>";
		};
/* End PBXGroup section */

/* Begin PBXNativeTarget section */
		88BD2DE61F19AB5000AD8810 /* RunningApp */ = {
			isa = PBXNativeTarget;
			buildConfigurationList = 88BD2DF91F19AB5000AD8810 /* Build configuration list for PBXNativeTarget "RunningApp" */;
			buildPhases = (
				88BD2DE31F19AB5000AD8810 /* Sources */,
				88BD2DE41F19AB5000AD8810 /* Frameworks */,
				88BD2DE51F19AB5000AD8810 /* Resources */,
			);
			buildRules = (
			);
			dependencies = (
			);
			name = RunningApp;
			productName = RunningApp;
			productReference = 88BD2DE71F19AB5000AD8810 /* RunningApp.app */;
			productType = "com.apple.product-type.application";
		};
/* End PBXNativeTarget section */

/* Begin PBXProject section */
		88BD2DDF1F19AB5000AD8810 /* Project object */ = {
			isa = PBXProject;
			attributes = {
				LastSwiftUpdateCheck = 0800;
				LastUpgradeCheck = 0800;
				ORGANIZATIONNAME = runners;
				TargetAttributes = {
					88BD2DE61F19AB5000AD8810 = {
						CreatedOnToolsVersion = 8.0;
						DevelopmentTeam = W2P5R7TX5B;
						ProvisioningStyle = Automatic;
						SystemCapabilities = {
							com.apple.Maps.iOS = {
								enabled = 1;
							};
						};
					};
				};
			};
			buildConfigurationList = 88BD2DE21F19AB5000AD8810 /* Build configuration list for PBXProject "RunningApp" */;
			compatibilityVersion = "Xcode 3.2";
			developmentRegion = English;
			hasScannedForEncodings = 0;
			knownRegions = (
				en,
				Base,
			);
			mainGroup = 88BD2DDE1F19AB5000AD8810;
			productRefGroup = 88BD2DE81F19AB5000AD8810 /* Products */;
			projectDirPath = "";
			projectRoot = "";
			targets = (
				88BD2DE61F19AB5000AD8810 /* RunningApp */,
			);
		};
/* End PBXProject section */

/* Begin PBXResourcesBuildPhase section */
		88BD2DE51F19AB5000AD8810 /* Resources */ = {
			isa = PBXResourcesBuildPhase;
			buildActionMask = 2147483647;
			files = (
				88BD2DF51F19AB5000AD8810 /* LaunchScreen.storyboard in Resources */,
				88BD2DF21F19AB5000AD8810 /* Assets.xcassets in Resources */,
				88BD2DF01F19AB5000AD8810 /* Main.storyboard in Resources */,
			);
			runOnlyForDeploymentPostprocessing = 0;
		};
/* End PBXResourcesBuildPhase section */

/* Begin PBXSourcesBuildPhase section */
		88BD2DE31F19AB5000AD8810 /* Sources */ = {
			isa = PBXSourcesBuildPhase;
			buildActionMask = 2147483647;
			files = (
				88F519031F5359BC009D2E35 /* Util.swift in Sources */,
				88BD2DED1F19AB5000AD8810 /* MapViewController.swift in Sources */,
				88F519011F52731E009D2E35 /* Styles.swift in Sources */,
				887653DF1F3A7E8300504574 /* LocationsViewController.swift in Sources */,
				887653DD1F3A7DCD00504574 /* Locations.swift in Sources */,
				88C811141F2835E2005EBFB2 /* LocationsTableViewCell.swift in Sources */,
				88BD2DEB1F19AB5000AD8810 /* AppDelegate.swift in Sources */,
				884D08671F1DADA00062DCA4 /* Config.swift in Sources */,
				882B25271F3A8F2F00D808B4 /* TabBarViewController.swift in Sources */,
				884D08691F2024320062DCA4 /* NetworkClient.swift in Sources */,
				882B25291F3FF37800D808B4 /* LocationService.swift in Sources */,
			);
			runOnlyForDeploymentPostprocessing = 0;
		};
/* End PBXSourcesBuildPhase section */

/* Begin PBXVariantGroup section */
		88BD2DEE1F19AB5000AD8810 /* Main.storyboard */ = {
			isa = PBXVariantGroup;
			children = (
				88BD2DEF1F19AB5000AD8810 /* Base */,
			);
			name = Main.storyboard;
			sourceTree = "<group>";
		};
		88BD2DF31F19AB5000AD8810 /* LaunchScreen.storyboard */ = {
			isa = PBXVariantGroup;
			children = (
				88BD2DF41F19AB5000AD8810 /* Base */,
			);
			name = LaunchScreen.storyboard;
			sourceTree = "<group>";
		};
/* End PBXVariantGroup section */

/* Begin XCBuildConfiguration section */
		88BD2DF71F19AB5000AD8810 /* Debug */ = {
			isa = XCBuildConfiguration;
			buildSettings = {
				ALWAYS_SEARCH_USER_PATHS = NO;
				CLANG_ANALYZER_NONNULL = YES;
				CLANG_CXX_LANGUAGE_STANDARD = "gnu++0x";
				CLANG_CXX_LIBRARY = "libc++";
				CLANG_ENABLE_MODULES = YES;
				CLANG_ENABLE_OBJC_ARC = YES;
				CLANG_WARN_BOOL_CONVERSION = YES;
				CLANG_WARN_CONSTANT_CONVERSION = YES;
				CLANG_WARN_DIRECT_OBJC_ISA_USAGE = YES_ERROR;
				CLANG_WARN_DOCUMENTATION_COMMENTS = YES;
				CLANG_WARN_EMPTY_BODY = YES;
				CLANG_WARN_ENUM_CONVERSION = YES;
				CLANG_WARN_INFINITE_RECURSION = YES;
				CLANG_WARN_INT_CONVERSION = YES;
				CLANG_WARN_OBJC_ROOT_CLASS = YES_ERROR;
				CLANG_WARN_SUSPICIOUS_MOVES = YES;
				CLANG_WARN_UNREACHABLE_CODE = YES;
				CLANG_WARN__DUPLICATE_METHOD_MATCH = YES;
				"CODE_SIGN_IDENTITY[sdk=iphoneos*]" = "iPhone Developer";
				COPY_PHASE_STRIP = NO;
				DEBUG_INFORMATION_FORMAT = dwarf;
				ENABLE_STRICT_OBJC_MSGSEND = YES;
				ENABLE_TESTABILITY = YES;
				GCC_C_LANGUAGE_STANDARD = gnu99;
				GCC_DYNAMIC_NO_PIC = NO;
				GCC_NO_COMMON_BLOCKS = YES;
				GCC_OPTIMIZATION_LEVEL = 0;
				GCC_PREPROCESSOR_DEFINITIONS = (
					"DEBUG=1",
					"$(inherited)",
				);
				GCC_WARN_64_TO_32_BIT_CONVERSION = YES;
				GCC_WARN_ABOUT_RETURN_TYPE = YES_ERROR;
				GCC_WARN_UNDECLARED_SELECTOR = YES;
				GCC_WARN_UNINITIALIZED_AUTOS = YES_AGGRESSIVE;
				GCC_WARN_UNUSED_FUNCTION = YES;
				GCC_WARN_UNUSED_VARIABLE = YES;
				IPHONEOS_DEPLOYMENT_TARGET = 10.0;
				MTL_ENABLE_DEBUG_INFO = YES;
				ONLY_ACTIVE_ARCH = YES;
				SDKROOT = iphoneos;
				SWIFT_ACTIVE_COMPILATION_CONDITIONS = DEBUG;
				SWIFT_OPTIMIZATION_LEVEL = "-Onone";
				TARGETED_DEVICE_FAMILY = "1,2";
			};
			name = Debug;
		};
		88BD2DF81F19AB5000AD8810 /* Release */ = {
			isa = XCBuildConfiguration;
			buildSettings = {
				ALWAYS_SEARCH_USER_PATHS = NO;
				CLANG_ANALYZER_NONNULL = YES;
				CLANG_CXX_LANGUAGE_STANDARD = "gnu++0x";
				CLANG_CXX_LIBRARY = "libc++";
				CLANG_ENABLE_MODULES = YES;
				CLANG_ENABLE_OBJC_ARC = YES;
				CLANG_WARN_BOOL_CONVERSION = YES;
				CLANG_WARN_CONSTANT_CONVERSION = YES;
				CLANG_WARN_DIRECT_OBJC_ISA_USAGE = YES_ERROR;
				CLANG_WARN_DOCUMENTATION_COMMENTS = YES;
				CLANG_WARN_EMPTY_BODY = YES;
				CLANG_WARN_ENUM_CONVERSION = YES;
				CLANG_WARN_INFINITE_RECURSION = YES;
				CLANG_WARN_INT_CONVERSION = YES;
				CLANG_WARN_OBJC_ROOT_CLASS = YES_ERROR;
				CLANG_WARN_SUSPICIOUS_MOVES = YES;
				CLANG_WARN_UNREACHABLE_CODE = YES;
				CLANG_WARN__DUPLICATE_METHOD_MATCH = YES;
				"CODE_SIGN_IDENTITY[sdk=iphoneos*]" = "iPhone Developer";
				COPY_PHASE_STRIP = NO;
				DEBUG_INFORMATION_FORMAT = "dwarf-with-dsym";
				ENABLE_NS_ASSERTIONS = NO;
				ENABLE_STRICT_OBJC_MSGSEND = YES;
				GCC_C_LANGUAGE_STANDARD = gnu99;
				GCC_NO_COMMON_BLOCKS = YES;
				GCC_WARN_64_TO_32_BIT_CONVERSION = YES;
				GCC_WARN_ABOUT_RETURN_TYPE = YES_ERROR;
				GCC_WARN_UNDECLARED_SELECTOR = YES;
				GCC_WARN_UNINITIALIZED_AUTOS = YES_AGGRESSIVE;
				GCC_WARN_UNUSED_FUNCTION = YES;
				GCC_WARN_UNUSED_VARIABLE = YES;
				IPHONEOS_DEPLOYMENT_TARGET = 10.0;
				MTL_ENABLE_DEBUG_INFO = NO;
				SDKROOT = iphoneos;
				SWIFT_OPTIMIZATION_LEVEL = "-Owholemodule";
				TARGETED_DEVICE_FAMILY = "1,2";
				VALIDATE_PRODUCT = YES;
			};
			name = Release;
		};
		88BD2DFA1F19AB5000AD8810 /* Debug */ = {
			isa = XCBuildConfiguration;
			buildSettings = {
				ASSETCATALOG_COMPILER_APPICON_NAME = AppIcon;
				DEVELOPMENT_TEAM = W2P5R7TX5B;
				INFOPLIST_FILE = RunningApp/Info.plist;
				LD_RUNPATH_SEARCH_PATHS = "$(inherited) @executable_path/Frameworks";
				PRODUCT_BUNDLE_IDENTIFIER = com.org.RunningApp;
				PRODUCT_NAME = "$(TARGET_NAME)";
				SWIFT_VERSION = 3.0;
			};
			name = Debug;
		};
		88BD2DFB1F19AB5000AD8810 /* Release */ = {
			isa = XCBuildConfiguration;
			buildSettings = {
				ASSETCATALOG_COMPILER_APPICON_NAME = AppIcon;
				DEVELOPMENT_TEAM = W2P5R7TX5B;
				INFOPLIST_FILE = RunningApp/Info.plist;
				LD_RUNPATH_SEARCH_PATHS = "$(inherited) @executable_path/Frameworks";
				PRODUCT_BUNDLE_IDENTIFIER = com.org.RunningApp;
				PRODUCT_NAME = "$(TARGET_NAME)";
				SWIFT_VERSION = 3.0;
			};
			name = Release;
		};
/* End XCBuildConfiguration section */

/* Begin XCConfigurationList section */
		88BD2DE21F19AB5000AD8810 /* Build configuration list for PBXProject "RunningApp" */ = {
			isa = XCConfigurationList;
			buildConfigurations = (
				88BD2DF71F19AB5000AD8810 /* Debug */,
				88BD2DF81F19AB5000AD8810 /* Release */,
			);
			defaultConfigurationIsVisible = 0;
			defaultConfigurationName = Release;
		};
		88BD2DF91F19AB5000AD8810 /* Build configuration list for PBXNativeTarget "RunningApp" */ = {
			isa = XCConfigurationList;
			buildConfigurations = (
				88BD2DFA1F19AB5000AD8810 /* Debug */,
				88BD2DFB1F19AB5000AD8810 /* Release */,
			);
			defaultConfigurationIsVisible = 0;
			defaultConfigurationName = Release;
		};
/* End XCConfigurationList section */
	};
	rootObject = 88BD2DDF1F19AB5000AD8810 /* Project object */;
}
